
Microsoft Visual Studio Solution File, Format Version 12.00
# Visual Studio 15
VisualStudioVersion = 15.0.26124.0
MinimumVisualStudioVersion = 15.0.26124.0
Project("{2150E333-8FDC-42A3-9474-1A3956D46DE8}") = "src", "src", "{3FA9299A-3E11-4989-B41E-BAB217F34D3E}"
EndProject
Project("{FAE04EC0-301F-11D3-BF4B-00C04F79EFBC}") = "GradeBook", "src\GradeBook\GradeBook.csproj", "{B3E784C4-07FA-4A08-8120-A4D5E951B1D0}"
EndProject
Project("{2150E333-8FDC-42A3-9474-1A3956D46DE8}") = "test", "test", "{33D821F9-EECF-4859-8859-7E22AB9B1DE2}"
EndProject
Project("{FAE04EC0-301F-11D3-BF4B-00C04F79EFBC}") = "GradeBook.Tests", "test\GradeBook.Tests\GradeBook.Tests.csproj", "{B860DD18-81DC-46BC-8C0E-3C590AA31BD1}"
EndProject
Global
	GlobalSection(SolutionConfigurationPlatforms) = preSolution
		Debug|Any CPU = Debug|Any CPU
		Debug|x64 = Debug|x64
		Debug|x86 = Debug|x86
		Release|Any CPU = Release|Any CPU
		Release|x64 = Release|x64
		Release|x86 = Release|x86
	EndGlobalSection
	GlobalSection(SolutionProperties) = preSolution
		HideSolutionNode = FALSE
	EndGlobalSection
	GlobalSection(ProjectConfigurationPlatforms) = postSolution
		{B3E784C4-07FA-4A08-8120-A4D5E951B1D0}.Debug|Any CPU.ActiveCfg = Debug|Any CPU
		{B3E784C4-07FA-4A08-8120-A4D5E951B1D0}.Debug|Any CPU.Build.0 = Debug|Any CPU
		{B3E784C4-07FA-4A08-8120-A4D5E951B1D0}.Debug|x64.ActiveCfg = Debug|Any CPU
		{B3E784C4-07FA-4A08-8120-A4D5E951B1D0}.Debug|x64.Build.0 = Debug|Any CPU
		{B3E784C4-07FA-4A08-8120-A4D5E951B1D0}.Debug|x86.ActiveCfg = Debug|Any CPU
		{B3E784C4-07FA-4A08-8120-A4D5E951B1D0}.Debug|x86.Build.0 = Debug|Any CPU
		{B3E784C4-07FA-4A08-8120-A4D5E951B1D0}.Release|Any CPU.ActiveCfg = Release|Any CPU
		{B3E784C4-07FA-4A08-8120-A4D5E951B1D0}.Release|Any CPU.Build.0 = Release|Any CPU
		{B3E784C4-07FA-4A08-8120-A4D5E951B1D0}.Release|x64.ActiveCfg = Release|Any CPU
		{B3E784C4-07FA-4A08-8120-A4D5E951B1D0}.Release|x64.Build.0 = Release|Any CPU
		{B3E784C4-07FA-4A08-8120-A4D5E951B1D0}.Release|x86.ActiveCfg = Release|Any CPU
		{B3E784C4-07FA-4A08-8120-A4D5E951B1D0}.Release|x86.Build.0 = Release|Any CPU
		{B860DD18-81DC-46BC-8C0E-3C590AA31BD1}.Debug|Any CPU.ActiveCfg = Debug|Any CPU
		{B860DD18-81DC-46BC-8C0E-3C590AA31BD1}.Debug|Any CPU.Build.0 = Debug|Any CPU
		{B860DD18-81DC-46BC-8C0E-3C590AA31BD1}.Debug|x64.ActiveCfg = Debug|Any CPU
		{B860DD18-81DC-46BC-8C0E-3C590AA31BD1}.Debug|x64.Build.0 = Debug|Any CPU
		{B860DD18-81DC-46BC-8C0E-3C590AA31BD1}.Debug|x86.ActiveCfg = Debug|Any CPU
		{B860DD18-81DC-46BC-8C0E-3C590AA31BD1}.Debug|x86.Build.0 = Debug|Any CPU
		{B860DD18-81DC-46BC-8C0E-3C590AA31BD1}.Release|Any CPU.ActiveCfg = Release|Any CPU
		{B860DD18-81DC-46BC-8C0E-3C590AA31BD1}.Release|Any CPU.Build.0 = Release|Any CPU
		{B860DD18-81DC-46BC-8C0E-3C590AA31BD1}.Release|x64.ActiveCfg = Release|Any CPU
		{B860DD18-81DC-46BC-8C0E-3C590AA31BD1}.Release|x64.Build.0 = Release|Any CPU
		{B860DD18-81DC-46BC-8C0E-3C590AA31BD1}.Release|x86.ActiveCfg = Release|Any CPU
		{B860DD18-81DC-46BC-8C0E-3C590AA31BD1}.Release|x86.Build.0 = Release|Any CPU
	EndGlobalSection
	GlobalSection(NestedProjects) = preSolution
		{B3E784C4-07FA-4A08-8120-A4D5E951B1D0} = {3FA9299A-3E11-4989-B41E-BAB217F34D3E}
		{B860DD18-81DC-46BC-8C0E-3C590AA31BD1} = {33D821F9-EECF-4859-8859-7E22AB9B1DE2}
	EndGlobalSection
EndGlobal
